# THIS IS AN AUTOGENERATED FILE. DO NOT EDIT THIS FILE DIRECTLY.
# yarn lockfile v1


"@dnd-kit/accessibility@^3.1.0":
  version "3.1.0"
  resolved "https://registry.npmjs.org/@dnd-kit/accessibility/-/accessibility-3.1.0.tgz#1054e19be276b5f1154ced7947fc0cb5d99192e0"
  integrity sha512-ea7IkhKvlJUv9iSHJOnxinBcoOI3ppGnnL+VDJ75O45Nss6HtZd8IdN8touXPDtASfeI2T2LImb8VOZcL47wjQ==
  dependencies:
    tslib "^2.0.0"

"@dnd-kit/core@^6.1.0":
  version "6.1.0"
  resolved "https://registry.npmjs.org/@dnd-kit/core/-/core-6.1.0.tgz#e81a3d10d9eca5d3b01cbf054171273a3fe01def"
  integrity sha512-J3cQBClB4TVxwGo3KEjssGEXNJqGVWx17aRTZ1ob0FliR5IjYgTxl5YJbKTzA6IzrtelotH19v6y7uoIRUZPSg==
  dependencies:
    "@dnd-kit/accessibility" "^3.1.0"
    "@dnd-kit/utilities" "^3.2.2"
    tslib "^2.0.0"

"@dnd-kit/sortable@^8.0.0":
  version "8.0.0"
  resolved "https://registry.npmjs.org/@dnd-kit/sortable/-/sortable-8.0.0.tgz#086b7ac6723d4618a4ccb6f0227406d8a8862a96"
  integrity sha512-U3jk5ebVXe1Lr7c2wU7SBZjcWdQP+j7peHJfCspnA81enlu88Mgd7CC8Q+pub9ubP7eKVETzJW+IBAhsqbSu/g==
  dependencies:
    "@dnd-kit/utilities" "^3.2.2"
    tslib "^2.0.0"

"@dnd-kit/utilities@^3.2.2":
  version "3.2.2"
  resolved "https://registry.npmjs.org/@dnd-kit/utilities/-/utilities-3.2.2.tgz#5a32b6af356dc5f74d61b37d6f7129a4040ced7b"
  integrity sha512-+MKAJEOfaBe5SmV6t34p80MMKhjvUz0vRrvVJbPT0WElzaOJ/1xs+D+KDv+tD/NE5ujfrChEcshd4fLn0wpiqg==
  dependencies:
    tslib "^2.0.0"

"@drafish/surge-client@^1.1.5":
  version "1.1.5"
  resolved "https://registry.npmjs.org/@drafish/surge-client/-/surge-client-1.1.5.tgz#7663f336dcd23bdc490deb9be01b9f83fab35e04"
  integrity sha512-kWzs5PlnWDh4sl+WlNkbkNG+o3SNecW7xXvcM4WnQaQe6CB8anwXXmGtp5JEw3zJxKTKRB5W2xViyEszhh89ZQ==
  dependencies:
    buffer "^6.0.3"
    pako "^2.1.0"

base64-js@^1.3.1:
  version "1.5.1"
  resolved "https://registry.npmjs.org/base64-js/-/base64-js-1.5.1.tgz#1b1b440160a5bf7ad40b650f095963481903930a"
  integrity sha512-AKpaYlHn8t4SVbOHCy+b5+KKgvR4vrsD8vbvrbiQJps7fKDTkjkDry6ji0rUJjC0kzbNePLwzxq8iypo41qeWA==

buffer@^6.0.3:
  version "6.0.3"
  resolved "https://registry.npmjs.org/buffer/-/buffer-6.0.3.tgz#2ace578459cc8fbe2a70aaa8f52ee63b6a74c6c6"
  integrity sha512-FTiCpNxtwiZZHEZbcbTIcZjERVICn9yq/pDFkTl95/AxzD1naBctN7YO68riM/gLSDY7sdrMby8hofADYuuqOA==
  dependencies:
    base64-js "^1.3.1"
    ieee754 "^1.2.1"

ieee754@^1.2.1:
  version "1.2.1"
  resolved "https://registry.npmjs.org/ieee754/-/ieee754-1.2.1.tgz#8eb7a10a63fff25d15a57b001586d177d1b0d352"
  integrity sha512-dcyqhDvX1C46lXZcVqCpK+FtMRQVdIMN6/Df5js2zouUsqG7I6sFxitIC+7KYK29KdXOLHdu9zL4sFnoVQnqaA==

pako@^2.1.0:
  version "2.1.0"
  resolved "https://registry.npmjs.org/pako/-/pako-2.1.0.tgz#266cc37f98c7d883545d11335c00fbd4062c9a86"
  integrity sha512-w+eufiZ1WuJYgPXbV/PO3NCMEc3xqylkKHzp8bxp1uW4qaSNQUkwmLLEc3kKsfz8lpV1F8Ht3U1Cm+9Srog2ug==

tslib@^2.0.0:
  version "2.6.3"
  resolved "https://registry.npmjs.org/tslib/-/tslib-2.6.3.tgz#0438f810ad7a9edcde7a241c3d80db693c8cbfe0"
  integrity sha512-xNvxJEOUiWPGhUuUdQgAJPKOOJfGnIyKySOc09XkKsgdUV/3E2zvwZYdejjmRgPCgcym1juLH3226yA7sEFJKQ==
