# This file is generated by running "yarn install" inside your project.
# Manual changes might be lost - proceed with caution!

__metadata:
  version: 8
  cacheKey: 10c0

"@dnd-kit/accessibility@npm:^3.1.0":
  version: 3.1.0
  resolution: "@dnd-kit/accessibility@npm:3.1.0"
  dependencies:
    tslib: "npm:^2.0.0"
  peerDependencies:
    react: ">=16.8.0"
  checksum: 10c0/4f9d24e801d66d4fbb551ec389ed90424dd4c5bbdf527000a618e9abb9833cbd84d9a79e362f470ccbccfbd6d00217a9212c92f3cef66e01c951c7f79625b9d7
  languageName: node
  linkType: hard

"@dnd-kit/core@npm:^6.1.0":
  version: 6.1.0
  resolution: "@dnd-kit/core@npm:6.1.0"
  dependencies:
    "@dnd-kit/accessibility": "npm:^3.1.0"
    "@dnd-kit/utilities": "npm:^3.2.2"
    tslib: "npm:^2.0.0"
  peerDependencies:
    react: ">=16.8.0"
    react-dom: ">=16.8.0"
  checksum: 10c0/c793eb97cb59285ca8937ebcdfcd27cff09d750ae06722e36ca5ed07925e41abc36a38cff98f9f6056f7a07810878d76909826142a2968330e7e22060e6be584
  languageName: node
  linkType: hard

"@dnd-kit/sortable@npm:^8.0.0":
  version: 8.0.0
  resolution: "@dnd-kit/sortable@npm:8.0.0"
  dependencies:
    "@dnd-kit/utilities": "npm:^3.2.2"
    tslib: "npm:^2.0.0"
  peerDependencies:
    "@dnd-kit/core": ^6.1.0
    react: ">=16.8.0"
  checksum: 10c0/a6066c652b892c6a11320c7d8f5c18fdf723e721e8eea37f4ab657dee1ac5e7ca710ac32ce0712a57fe968bc07c13bcea5d5599d90dfdd95619e162befd4d2fb
  languageName: node
  linkType: hard

"@dnd-kit/utilities@npm:^3.2.2":
  version: 3.2.2
  resolution: "@dnd-kit/utilities@npm:3.2.2"
  dependencies:
    tslib: "npm:^2.0.0"
  peerDependencies:
    react: ">=16.8.0"
  checksum: 10c0/9aa90526f3e3fd567b5acc1b625a63177b9e8d00e7e50b2bd0e08fa2bf4dba7e19529777e001fdb8f89a7ce69f30b190c8364d390212634e0afdfa8c395e85a0
  languageName: node
  linkType: hard

"@drafish/surge-client@npm:^1.1.5":
  version: 1.1.5
  resolution: "@drafish/surge-client@npm:1.1.5"
  dependencies:
    buffer: "npm:^6.0.3"
    pako: "npm:^2.1.0"
  checksum: 10c0/040dba804184282b927601629368d19e880932d7aee378fc28c98bb3dca9e34d22e16ae890cfa202a4836f5d15e30d832a7cf96e2a29276222c935e82e1e6eb9
  languageName: node
  linkType: hard

"base64-js@npm:^1.3.1":
  version: 1.5.1
  resolution: "base64-js@npm:1.5.1"
  checksum: 10c0/f23823513b63173a001030fae4f2dabe283b99a9d324ade3ad3d148e218134676f1ee8568c877cd79ec1c53158dcf2d2ba527a97c606618928ba99dd930102bf
  languageName: node
  linkType: hard

"buffer@npm:^6.0.3":
  version: 6.0.3
  resolution: "buffer@npm:6.0.3"
  dependencies:
    base64-js: "npm:^1.3.1"
    ieee754: "npm:^1.2.1"
  checksum: 10c0/2a905fbbcde73cc5d8bd18d1caa23715d5f83a5935867c2329f0ac06104204ba7947be098fe1317fbd8830e26090ff8e764f08cd14fefc977bb248c3487bcbd0
  languageName: node
  linkType: hard

"ieee754@npm:^1.2.1":
  version: 1.2.1
  resolution: "ieee754@npm:1.2.1"
  checksum: 10c0/b0782ef5e0935b9f12883a2e2aa37baa75da6e66ce6515c168697b42160807d9330de9a32ec1ed73149aea02e0d822e572bca6f1e22bdcbd2149e13b050b17bb
  languageName: node
  linkType: hard

"pako@npm:^2.1.0":
  version: 2.1.0
  resolution: "pako@npm:2.1.0"
  checksum: 10c0/8e8646581410654b50eb22a5dfd71159cae98145bd5086c9a7a816ec0370b5f72b4648d08674624b3870a521e6a3daffd6c2f7bc00fdefc7063c9d8232ff5116
  languageName: node
  linkType: hard

"quick-dapp@workspace:.":
  version: 0.0.0-use.local
  resolution: "quick-dapp@workspace:."
  dependencies:
    "@dnd-kit/core": "npm:^6.1.0"
    "@dnd-kit/sortable": "npm:^8.0.0"
    "@drafish/surge-client": "npm:^1.1.5"
  languageName: unknown
  linkType: soft

"tslib@npm:^2.0.0":
  version: 2.6.3
  resolution: "tslib@npm:2.6.3"
  checksum: 10c0/2598aef53d9dbe711af75522464b2104724d6467b26a60f2bdac8297d2b5f1f6b86a71f61717384aa8fd897240467aaa7bcc36a0700a0faf751293d1331db39a
  languageName: node
  linkType: hard
