# THIS IS AN AUTOGENERATED FILE. DO NOT EDIT THIS FILE DIRECTLY.
# yarn lockfile v1


source-list-map@^2.0.1:
  version "2.0.1"
  resolved "https://registry.npmjs.org/source-list-map/-/source-list-map-2.0.1.tgz#3993bd873bfc48479cca9ea3a547835c7c154b34"
  integrity sha512-qnQ7gVMxGNxsiL4lEuJwe/To8UnK7fAnmbGEEH8RpLouuKbeEm0lhbQVFIrNSuB+G7tVrAlVsZgETT5nljf+Iw==

source-map@^0.6.1:
  version "0.6.1"
  resolved "https://registry.npmjs.org/source-map/-/source-map-0.6.1.tgz#74722af32e9614e9c287a8d0bbde48b5e2f1a263"
  integrity sha512-UjgapumWlbMhkBgzT7Ykc5YXUT46F0iKu8SGXq0bcwP5dz/h0Plj6enJqjz1Zbq2l5WaqYnrVbwWOWMyF3F47g==

tapable@^2.0.0:
  version "2.2.1"
  resolved "https://registry.npmjs.org/tapable/-/tapable-2.2.1.tgz#1967a73ef4060a82f12ab96af86d52fdb76eeca0"
  integrity sha512-GNzQvQTOIP6RyTfE2Qxb8ZVlNmw0n88vp1szwWRimP02mnTsx3Wtn5qRdqY9w2XduFNUgvOwhNnQsjwCp+kqaQ==

webpack-manifest-plugin@^5.0.0:
  version "5.0.0"
  resolved "https://registry.npmjs.org/webpack-manifest-plugin/-/webpack-manifest-plugin-5.0.0.tgz#084246c1f295d1b3222d36e955546433ca8df803"
  integrity sha512-8RQfMAdc5Uw3QbCQ/CBV/AXqOR8mt03B6GJmRbhWopE8GzRfEpn+k0ZuWywxW+5QZsffhmFDY1J6ohqJo+eMuw==
  dependencies:
    tapable "^2.0.0"
    webpack-sources "^2.2.0"

webpack-sources@^2.2.0:
  version "2.3.1"
  resolved "https://registry.npmjs.org/webpack-sources/-/webpack-sources-2.3.1.tgz#570de0af163949fe272233c2cefe1b56f74511fd"
  integrity sha512-y9EI9AO42JjEcrTJFOYmVywVZdKVUfOvDUPsJea5GIr1JOEGFVqwlY2K098fFoIjOkDzHn2AjRvM8dsBZu+gCA==
  dependencies:
    source-list-map "^2.0.1"
    source-map "^0.6.1"
