# This file is generated by running "yarn install" inside your project.
# Manual changes might be lost - proceed with caution!

__metadata:
  version: 8
  cacheKey: 10c0

"remix-dapp@workspace:.":
  version: 0.0.0-use.local
  resolution: "remix-dapp@workspace:."
  dependencies:
    webpack-manifest-plugin: "npm:^5.0.0"
  languageName: unknown
  linkType: soft

"source-list-map@npm:^2.0.1":
  version: 2.0.1
  resolution: "source-list-map@npm:2.0.1"
  checksum: 10c0/2e5e421b185dcd857f46c3c70e2e711a65d717b78c5f795e2e248c9d67757882ea989b80ebc08cf164eeeda5f4be8aa95d3b990225070b2daaaf3257c5958149
  languageName: node
  linkType: hard

"source-map@npm:^0.6.1":
  version: 0.6.1
  resolution: "source-map@npm:0.6.1"
  checksum: 10c0/ab55398007c5e5532957cb0beee2368529618ac0ab372d789806f5718123cc4367d57de3904b4e6a4170eb5a0b0f41373066d02ca0735a0c4d75c7d328d3e011
  languageName: node
  linkType: hard

"tapable@npm:^2.0.0":
  version: 2.2.1
  resolution: "tapable@npm:2.2.1"
  checksum: 10c0/bc40e6efe1e554d075469cedaba69a30eeb373552aaf41caeaaa45bf56ffacc2674261b106245bd566b35d8f3329b52d838e851ee0a852120acae26e622925c9
  languageName: node
  linkType: hard

"webpack-manifest-plugin@npm:^5.0.0":
  version: 5.0.0
  resolution: "webpack-manifest-plugin@npm:5.0.0"
  dependencies:
    tapable: "npm:^2.0.0"
    webpack-sources: "npm:^2.2.0"
  peerDependencies:
    webpack: ^5.47.0
  checksum: 10c0/c6baed67855c48363a7bd677bc05ac532e2d817370894ec5a785524c1df08859330198eda419efb17d0e4233dc74d194f423a4ac5d34ab5521ba2617d14ea572
  languageName: node
  linkType: hard

"webpack-sources@npm:^2.2.0":
  version: 2.3.1
  resolution: "webpack-sources@npm:2.3.1"
  dependencies:
    source-list-map: "npm:^2.0.1"
    source-map: "npm:^0.6.1"
  checksum: 10c0/caf56a9a478eca7e77feca2b6ddc7673f1384eb870280014b300c40cf42abca656f639ff58a8d55a889a92a810ae3c22e71e578aa38fde416e8c2e6827a6ddfd
  languageName: node
  linkType: hard
