{
  "version": "v1",
  "packages": {
    "@nlux/core": {
      "signature": "6832e3895ffed2597d819fa36332d583",
      "file": true
    },
    "@nlux/react": {
      "signature": "2d8438fb0948975e0416dc538fbea306",
      "file": true
    },
    "@nlux/themes": {
      "signature": "dcd2e53a373485ee467fd1ab7e32b4e1",
      "file": true
    },
    "@nlux/highlighter": {
      "signature": "db50d322520d9bcf6859fce211d642c6",
      "file": true
    }
  }
}