# THIS IS AN AUTOGENERATED FILE. DO NOT EDIT THIS FILE DIRECTLY.
# yarn lockfile v1


"@babel/runtime@^7.6.3":
  version "7.24.4"
  resolved "https://registry.yarnpkg.com/@babel/runtime/-/runtime-7.24.4.tgz#de795accd698007a66ba44add6cc86542aff1edd"
  integrity sha512-dkxf7+hn8mFBwKjs9bvBlArzLVxVbS8usaPUDd5p2a9JCL9tB8OaOVN1isD4+Xyk4ns89/xeOmbQvgdK7IIVdA==
  dependencies:
    regenerator-runtime "^0.14.0"

"@redux-saga/core@^1.3.0":
  version "1.3.0"
  resolved "https://registry.yarnpkg.com/@redux-saga/core/-/core-1.3.0.tgz#2ce08b73d407fc6ea9e7f7d83d2e97d981a3a8b8"
  integrity sha512-L+i+qIGuyWn7CIg7k1MteHGfttKPmxwZR5E7OsGikCL2LzYA0RERlaUY00Y3P3ZV2EYgrsYlBrGs6cJP5OKKqA==
  dependencies:
    "@babel/runtime" "^7.6.3"
    "@redux-saga/deferred" "^1.2.1"
    "@redux-saga/delay-p" "^1.2.1"
    "@redux-saga/is" "^1.1.3"
    "@redux-saga/symbols" "^1.1.3"
    "@redux-saga/types" "^1.2.1"
    typescript-tuple "^2.2.1"

"@redux-saga/deferred@^1.2.1":
  version "1.2.1"
  resolved "https://registry.yarnpkg.com/@redux-saga/deferred/-/deferred-1.2.1.tgz#aca373a08ccafd6f3481037f2f7ee97f2c87c3ec"
  integrity sha512-cmin3IuuzMdfQjA0lG4B+jX+9HdTgHZZ+6u3jRAOwGUxy77GSlTi4Qp2d6PM1PUoTmQUR5aijlA39scWWPF31g==

"@redux-saga/delay-p@^1.2.1":
  version "1.2.1"
  resolved "https://registry.yarnpkg.com/@redux-saga/delay-p/-/delay-p-1.2.1.tgz#e72ac4731c5080a21f75b61bedc31cb639d9e446"
  integrity sha512-MdiDxZdvb1m+Y0s4/hgdcAXntpUytr9g0hpcOO1XFVyyzkrDu3SKPgBFOtHn7lhu7n24ZKIAT1qtKyQjHqRd+w==
  dependencies:
    "@redux-saga/symbols" "^1.1.3"

"@redux-saga/is@^1.1.3":
  version "1.1.3"
  resolved "https://registry.yarnpkg.com/@redux-saga/is/-/is-1.1.3.tgz#b333f31967e87e32b4e6b02c75b78d609dd4ad73"
  integrity sha512-naXrkETG1jLRfVfhOx/ZdLj0EyAzHYbgJWkXbB3qFliPcHKiWbv/ULQryOAEKyjrhiclmr6AMdgsXFyx7/yE6Q==
  dependencies:
    "@redux-saga/symbols" "^1.1.3"
    "@redux-saga/types" "^1.2.1"

"@redux-saga/symbols@^1.1.3":
  version "1.1.3"
  resolved "https://registry.yarnpkg.com/@redux-saga/symbols/-/symbols-1.1.3.tgz#b731d56201719e96dc887dc3ae9016e761654367"
  integrity sha512-hCx6ZvU4QAEUojETnX8EVg4ubNLBFl1Lps4j2tX7o45x/2qg37m3c6v+kSp8xjDJY+2tJw4QB3j8o8dsl1FDXg==

"@redux-saga/types@^1.2.1":
  version "1.2.1"
  resolved "https://registry.yarnpkg.com/@redux-saga/types/-/types-1.2.1.tgz#9403f51c17cae37edf870c6bc0c81c1ece5ccef8"
  integrity sha512-1dgmkh+3so0+LlBWRhGA33ua4MYr7tUOj+a9Si28vUi0IUFNbff1T3sgpeDJI/LaC75bBYnQ0A3wXjn0OrRNBA==

"@reduxjs/toolkit@^2.2.3":
  version "2.2.3"
  resolved "https://registry.yarnpkg.com/@reduxjs/toolkit/-/toolkit-2.2.3.tgz#5ce71cbf162f98c5dafb49bd3f1e11c5486ab9c4"
  integrity sha512-76dll9EnJXg4EVcI5YNxZA/9hSAmZsFqzMmNRHvIlzw2WS/twfcVX3ysYrWGJMClwEmChQFC4yRq74tn6fdzRA==
  dependencies:
    immer "^10.0.3"
    redux "^5.0.1"
    redux-thunk "^3.1.0"
    reselect "^5.0.1"

immer@^10.0.3:
  version "10.0.4"
  resolved "https://registry.yarnpkg.com/immer/-/immer-10.0.4.tgz#09af41477236b99449f9d705369a4daaf780362b"
  integrity sha512-cuBuGK40P/sk5IzWa9QPUaAdvPHjkk1c+xYsd9oZw+YQQEV+10G0P5uMpGctZZKnyQ+ibRO08bD25nWLmYi2pw==

redux-saga@^1.3.0:
  version "1.3.0"
  resolved "https://registry.yarnpkg.com/redux-saga/-/redux-saga-1.3.0.tgz#a59ada7c28010189355356b99738c9fcb7ade30e"
  integrity sha512-J9RvCeAZXSTAibFY0kGw6Iy4EdyDNW7k6Q+liwX+bsck7QVsU78zz8vpBRweEfANxnnlG/xGGeOvf6r8UXzNJQ==
  dependencies:
    "@redux-saga/core" "^1.3.0"

redux-thunk@^3.1.0:
  version "3.1.0"
  resolved "https://registry.yarnpkg.com/redux-thunk/-/redux-thunk-3.1.0.tgz#94aa6e04977c30e14e892eae84978c1af6058ff3"
  integrity sha512-NW2r5T6ksUKXCabzhL9z+h206HQw/NJkcLm1GPImRQ8IzfXwRGqjVhKJGauHirT0DAuyy6hjdnMZaRoAcy0Klw==

redux@^5.0.1:
  version "5.0.1"
  resolved "https://registry.yarnpkg.com/redux/-/redux-5.0.1.tgz#97fa26881ce5746500125585d5642c77b6e9447b"
  integrity sha512-M9/ELqF6fy8FwmkpnF0S3YKOqMyoWJ4+CS5Efg2ct3oY9daQvd/Pc71FpGZsVsbl3Cpb+IIcjBDUnnyBdQbq4w==

regenerator-runtime@^0.14.0:
  version "0.14.1"
  resolved "https://registry.yarnpkg.com/regenerator-runtime/-/regenerator-runtime-0.14.1.tgz#356ade10263f685dda125100cd862c1db895327f"
  integrity sha512-dYnhHh0nJoMfnkZs6GmmhFknAGRrLznOu5nc9ML+EJxGvrx6H7teuevqVqCuPcPK//3eDrrjQhehXVx9cnkGdw==

reselect@^5.0.1:
  version "5.1.0"
  resolved "https://registry.yarnpkg.com/reselect/-/reselect-5.1.0.tgz#c479139ab9dd91be4d9c764a7f3868210ef8cd21"
  integrity sha512-aw7jcGLDpSgNDyWBQLv2cedml85qd95/iszJjN988zX1t7AVRJi19d9kto5+W7oCfQ94gyo40dVbT6g2k4/kXg==

typescript-compare@^0.0.2:
  version "0.0.2"
  resolved "https://registry.yarnpkg.com/typescript-compare/-/typescript-compare-0.0.2.tgz#7ee40a400a406c2ea0a7e551efd3309021d5f425"
  integrity sha512-8ja4j7pMHkfLJQO2/8tut7ub+J3Lw2S3061eJLFQcvs3tsmJKp8KG5NtpLn7KcY2w08edF74BSVN7qJS0U6oHA==
  dependencies:
    typescript-logic "^0.0.0"

typescript-logic@^0.0.0:
  version "0.0.0"
  resolved "https://registry.yarnpkg.com/typescript-logic/-/typescript-logic-0.0.0.tgz#66ebd82a2548f2b444a43667bec120b496890196"
  integrity sha512-zXFars5LUkI3zP492ls0VskH3TtdeHCqu0i7/duGt60i5IGPIpAHE/DWo5FqJ6EjQ15YKXrt+AETjv60Dat34Q==

typescript-tuple@^2.2.1:
  version "2.2.1"
  resolved "https://registry.yarnpkg.com/typescript-tuple/-/typescript-tuple-2.2.1.tgz#7d9813fb4b355f69ac55032e0363e8bb0f04dad2"
  integrity sha512-Zcr0lbt8z5ZdEzERHAMAniTiIKerFCMgd7yjq1fPnDJ43et/k9twIFQMUYff9k5oXcsQ0WpvFcgzK2ZKASoW6Q==
  dependencies:
    typescript-compare "^0.0.2"
